
Microsoft Visual Studio Solution File, Format Version 12.00
# Visual Studio 15
VisualStudioVersion = 15.0.26124.0
MinimumVisualStudioVersion = 15.0.26124.0
Project("{FAE04EC0-301F-11D3-BF4B-00C04F79EFBC}") = "Thrift", "src\Thrift.csproj", "{E0B88875-4A0B-4461-9A5C-A57723462821}"
EndProject
Project("{FAE04EC0-301F-11D3-BF4B-00C04F79EFBC}") = "ThriftMSBuildTask", "ThriftMSBuildTask\ThriftMSBuildTask.csproj", "{17B97421-C3B6-4A61-B5DB-B0E0528DE5AE}"
EndProject
Project("{2150E333-8FDC-42A3-9474-1A3956D46DE8}") = "test", "test", "{5CCBE331-39BE-4089-9166-10B4C80D51F9}"
EndProject
Project("{FAE04EC0-301F-11D3-BF4B-00C04F79EFBC}") = "JSONTest", "test\JSON\JSONTest.csproj", "{514169ED-D22E-41C6-953D-71BCE4B474FA}"
EndProject
Project("{2150E333-8FDC-42A3-9474-1A3956D46DE8}") = "Multiplex", "Multiplex", "{AAF94873-734D-4696-B797-18F66E8751ED}"
EndProject
Project("{FAE04EC0-301F-11D3-BF4B-00C04F79EFBC}") = "MultiplexServer", "test\Multiplex\Server\MultiplexServer.csproj", "{D592BDF3-0DCE-48FB-890F-E4AE1D9CE7CD}"
EndProject
Project("{FAE04EC0-301F-11D3-BF4B-00C04F79EFBC}") = "MultiplexClient", "test\Multiplex\Client\MultiplexClient.csproj", "{5E91DA17-E548-415F-8C9F-9E84EDF8EE06}"
EndProject
Project("{FAE04EC0-301F-11D3-BF4B-00C04F79EFBC}") = "ThriftMVCTest", "test\ThriftMVCTest\ThriftMVCTest.csproj", "{5A5BB67F-5DB8-4019-93E5-A8762F00CFD9}"
EndProject
Global
	GlobalSection(SolutionConfigurationPlatforms) = preSolution
		Debug|Any CPU = Debug|Any CPU
		Debug|x64 = Debug|x64
		Debug|x86 = Debug|x86
		Release|Any CPU = Release|Any CPU
		Release|x64 = Release|x64
		Release|x86 = Release|x86
	EndGlobalSection
	GlobalSection(SolutionProperties) = preSolution
		HideSolutionNode = FALSE
	EndGlobalSection
	GlobalSection(ProjectConfigurationPlatforms) = postSolution
		{E0B88875-4A0B-4461-9A5C-A57723462821}.Debug|Any CPU.ActiveCfg = Debug|Any CPU
		{E0B88875-4A0B-4461-9A5C-A57723462821}.Debug|Any CPU.Build.0 = Debug|Any CPU
		{E0B88875-4A0B-4461-9A5C-A57723462821}.Debug|x64.ActiveCfg = Debug|Any CPU
		{E0B88875-4A0B-4461-9A5C-A57723462821}.Debug|x64.Build.0 = Debug|Any CPU
		{E0B88875-4A0B-4461-9A5C-A57723462821}.Debug|x86.ActiveCfg = Debug|Any CPU
		{E0B88875-4A0B-4461-9A5C-A57723462821}.Debug|x86.Build.0 = Debug|Any CPU
		{E0B88875-4A0B-4461-9A5C-A57723462821}.Release|Any CPU.ActiveCfg = Release|Any CPU
		{E0B88875-4A0B-4461-9A5C-A57723462821}.Release|Any CPU.Build.0 = Release|Any CPU
		{E0B88875-4A0B-4461-9A5C-A57723462821}.Release|x64.ActiveCfg = Release|Any CPU
		{E0B88875-4A0B-4461-9A5C-A57723462821}.Release|x64.Build.0 = Release|Any CPU
		{E0B88875-4A0B-4461-9A5C-A57723462821}.Release|x86.ActiveCfg = Release|Any CPU
		{E0B88875-4A0B-4461-9A5C-A57723462821}.Release|x86.Build.0 = Release|Any CPU
		{17B97421-C3B6-4A61-B5DB-B0E0528DE5AE}.Debug|Any CPU.ActiveCfg = Debug|Any CPU
		{17B97421-C3B6-4A61-B5DB-B0E0528DE5AE}.Debug|Any CPU.Build.0 = Debug|Any CPU
		{17B97421-C3B6-4A61-B5DB-B0E0528DE5AE}.Debug|x64.ActiveCfg = Debug|Any CPU
		{17B97421-C3B6-4A61-B5DB-B0E0528DE5AE}.Debug|x64.Build.0 = Debug|Any CPU
		{17B97421-C3B6-4A61-B5DB-B0E0528DE5AE}.Debug|x86.ActiveCfg = Debug|Any CPU
		{17B97421-C3B6-4A61-B5DB-B0E0528DE5AE}.Debug|x86.Build.0 = Debug|Any CPU
		{17B97421-C3B6-4A61-B5DB-B0E0528DE5AE}.Release|Any CPU.ActiveCfg = Release|Any CPU
		{17B97421-C3B6-4A61-B5DB-B0E0528DE5AE}.Release|Any CPU.Build.0 = Release|Any CPU
		{17B97421-C3B6-4A61-B5DB-B0E0528DE5AE}.Release|x64.ActiveCfg = Release|Any CPU
		{17B97421-C3B6-4A61-B5DB-B0E0528DE5AE}.Release|x64.Build.0 = Release|Any CPU
		{17B97421-C3B6-4A61-B5DB-B0E0528DE5AE}.Release|x86.ActiveCfg = Release|Any CPU
		{17B97421-C3B6-4A61-B5DB-B0E0528DE5AE}.Release|x86.Build.0 = Release|Any CPU
		{514169ED-D22E-41C6-953D-71BCE4B474FA}.Debug|Any CPU.ActiveCfg = Debug|Any CPU
		{514169ED-D22E-41C6-953D-71BCE4B474FA}.Debug|Any CPU.Build.0 = Debug|Any CPU
		{514169ED-D22E-41C6-953D-71BCE4B474FA}.Debug|x64.ActiveCfg = Debug|Any CPU
		{514169ED-D22E-41C6-953D-71BCE4B474FA}.Debug|x64.Build.0 = Debug|Any CPU
		{514169ED-D22E-41C6-953D-71BCE4B474FA}.Debug|x86.ActiveCfg = Debug|Any CPU
		{514169ED-D22E-41C6-953D-71BCE4B474FA}.Debug|x86.Build.0 = Debug|Any CPU
		{514169ED-D22E-41C6-953D-71BCE4B474FA}.Release|Any CPU.ActiveCfg = Release|Any CPU
		{514169ED-D22E-41C6-953D-71BCE4B474FA}.Release|Any CPU.Build.0 = Release|Any CPU
		{514169ED-D22E-41C6-953D-71BCE4B474FA}.Release|x64.ActiveCfg = Release|Any CPU
		{514169ED-D22E-41C6-953D-71BCE4B474FA}.Release|x64.Build.0 = Release|Any CPU
		{514169ED-D22E-41C6-953D-71BCE4B474FA}.Release|x86.ActiveCfg = Release|Any CPU
		{514169ED-D22E-41C6-953D-71BCE4B474FA}.Release|x86.Build.0 = Release|Any CPU
		{D592BDF3-0DCE-48FB-890F-E4AE1D9CE7CD}.Debug|Any CPU.ActiveCfg = Debug|Any CPU
		{D592BDF3-0DCE-48FB-890F-E4AE1D9CE7CD}.Debug|Any CPU.Build.0 = Debug|Any CPU
		{D592BDF3-0DCE-48FB-890F-E4AE1D9CE7CD}.Debug|x64.ActiveCfg = Debug|Any CPU
		{D592BDF3-0DCE-48FB-890F-E4AE1D9CE7CD}.Debug|x64.Build.0 = Debug|Any CPU
		{D592BDF3-0DCE-48FB-890F-E4AE1D9CE7CD}.Debug|x86.ActiveCfg = Debug|Any CPU
		{D592BDF3-0DCE-48FB-890F-E4AE1D9CE7CD}.Debug|x86.Build.0 = Debug|Any CPU
		{D592BDF3-0DCE-48FB-890F-E4AE1D9CE7CD}.Release|Any CPU.ActiveCfg = Debug|Any CPU
		{D592BDF3-0DCE-48FB-890F-E4AE1D9CE7CD}.Release|Any CPU.Build.0 = Debug|Any CPU
		{D592BDF3-0DCE-48FB-890F-E4AE1D9CE7CD}.Release|x64.ActiveCfg = Debug|Any CPU
		{D592BDF3-0DCE-48FB-890F-E4AE1D9CE7CD}.Release|x64.Build.0 = Debug|Any CPU
		{D592BDF3-0DCE-48FB-890F-E4AE1D9CE7CD}.Release|x86.ActiveCfg = Debug|Any CPU
		{D592BDF3-0DCE-48FB-890F-E4AE1D9CE7CD}.Release|x86.Build.0 = Debug|Any CPU
		{5E91DA17-E548-415F-8C9F-9E84EDF8EE06}.Debug|Any CPU.ActiveCfg = Debug|Any CPU
		{5E91DA17-E548-415F-8C9F-9E84EDF8EE06}.Debug|Any CPU.Build.0 = Debug|Any CPU
		{5E91DA17-E548-415F-8C9F-9E84EDF8EE06}.Debug|x64.ActiveCfg = Debug|Any CPU
		{5E91DA17-E548-415F-8C9F-9E84EDF8EE06}.Debug|x64.Build.0 = Debug|Any CPU
		{5E91DA17-E548-415F-8C9F-9E84EDF8EE06}.Debug|x86.ActiveCfg = Debug|Any CPU
		{5E91DA17-E548-415F-8C9F-9E84EDF8EE06}.Debug|x86.Build.0 = Debug|Any CPU
		{5E91DA17-E548-415F-8C9F-9E84EDF8EE06}.Release|Any CPU.ActiveCfg = Debug|Any CPU
		{5E91DA17-E548-415F-8C9F-9E84EDF8EE06}.Release|Any CPU.Build.0 = Debug|Any CPU
		{5E91DA17-E548-415F-8C9F-9E84EDF8EE06}.Release|x64.ActiveCfg = Debug|Any CPU
		{5E91DA17-E548-415F-8C9F-9E84EDF8EE06}.Release|x64.Build.0 = Debug|Any CPU
		{5E91DA17-E548-415F-8C9F-9E84EDF8EE06}.Release|x86.ActiveCfg = Debug|Any CPU
		{5E91DA17-E548-415F-8C9F-9E84EDF8EE06}.Release|x86.Build.0 = Debug|Any CPU
		{5A5BB67F-5DB8-4019-93E5-A8762F00CFD9}.Debug|Any CPU.ActiveCfg = Debug|Any CPU
		{5A5BB67F-5DB8-4019-93E5-A8762F00CFD9}.Debug|Any CPU.Build.0 = Debug|Any CPU
		{5A5BB67F-5DB8-4019-93E5-A8762F00CFD9}.Debug|x64.ActiveCfg = Debug|Any CPU
		{5A5BB67F-5DB8-4019-93E5-A8762F00CFD9}.Debug|x64.Build.0 = Debug|Any CPU
		{5A5BB67F-5DB8-4019-93E5-A8762F00CFD9}.Debug|x86.ActiveCfg = Debug|Any CPU
		{5A5BB67F-5DB8-4019-93E5-A8762F00CFD9}.Debug|x86.Build.0 = Debug|Any CPU
		{5A5BB67F-5DB8-4019-93E5-A8762F00CFD9}.Release|Any CPU.ActiveCfg = Release|Any CPU
		{5A5BB67F-5DB8-4019-93E5-A8762F00CFD9}.Release|Any CPU.Build.0 = Release|Any CPU
		{5A5BB67F-5DB8-4019-93E5-A8762F00CFD9}.Release|x64.ActiveCfg = Release|Any CPU
		{5A5BB67F-5DB8-4019-93E5-A8762F00CFD9}.Release|x64.Build.0 = Release|Any CPU
		{5A5BB67F-5DB8-4019-93E5-A8762F00CFD9}.Release|x86.ActiveCfg = Release|Any CPU
		{5A5BB67F-5DB8-4019-93E5-A8762F00CFD9}.Release|x86.Build.0 = Release|Any CPU
	EndGlobalSection
	GlobalSection(NestedProjects) = preSolution
		{514169ED-D22E-41C6-953D-71BCE4B474FA} = {5CCBE331-39BE-4089-9166-10B4C80D51F9}
		{AAF94873-734D-4696-B797-18F66E8751ED} = {5CCBE331-39BE-4089-9166-10B4C80D51F9}
		{D592BDF3-0DCE-48FB-890F-E4AE1D9CE7CD} = {AAF94873-734D-4696-B797-18F66E8751ED}
		{5E91DA17-E548-415F-8C9F-9E84EDF8EE06} = {AAF94873-734D-4696-B797-18F66E8751ED}
		{5A5BB67F-5DB8-4019-93E5-A8762F00CFD9} = {5CCBE331-39BE-4089-9166-10B4C80D51F9}
	EndGlobalSection
EndGlobal
