<?xml version="1.0" encoding="utf-8"?>
<Project ToolsVersion="4.0" xmlns="http://schemas.microsoft.com/developer/msbuild/2003">
  <ItemGroup>
    <ClInclude Include="src\thrift\audit\t_audit.h" />
    <ClInclude Include="src\thrift\common.h" />
    <ClInclude Include="src\thrift\generate\t_generator.h" />
    <ClInclude Include="src\thrift\generate\t_generator_registry.h" />
    <ClInclude Include="src\thrift\generate\t_oop_generator.h" />
    <ClInclude Include="src\thrift\generate\t_html_generator.h" />
    <ClInclude Include="src\thrift\globals.h" />
    <ClInclude Include="src\thrift\main.h" />
    <ClInclude Include="src\thrift\parse\t_base_type.h" />
    <ClInclude Include="src\thrift\parse\t_const.h" />
    <ClInclude Include="src\thrift\parse\t_const_value.h" />
    <ClInclude Include="src\thrift\parse\t_container.h" />
    <ClInclude Include="src\thrift\parse\t_doc.h" />
    <ClInclude Include="src\thrift\parse\t_enum.h" />
    <ClInclude Include="src\thrift\parse\t_enum_value.h" />
    <ClInclude Include="src\thrift\parse\t_field.h" />
    <ClInclude Include="src\thrift\parse\t_function.h" />
    <ClInclude Include="src\thrift\parse\t_list.h" />
    <ClInclude Include="src\thrift\parse\t_map.h" />
    <ClInclude Include="src\thrift\parse\t_program.h" />
    <ClInclude Include="src\thrift\parse\t_scope.h" />
    <ClInclude Include="src\thrift\parse\t_service.h" />
    <ClInclude Include="src\thrift\parse\t_set.h" />
    <ClInclude Include="src\thrift\parse\t_struct.h" />
    <ClInclude Include="src\thrift\parse\t_type.h" />
    <ClInclude Include="src\thrift\parse\t_typedef.h" />
    <ClInclude Include="src\thrift\platform.h" />
    <ClInclude Include="src\thrift\thrifty.hh" />
    <ClInclude Include="src\thrift\windows\config.h" />
    <ClInclude Include="src\thrift\version.h" />
  </ItemGroup>
  <ItemGroup>
    <Filter Include="windows">
      <UniqueIdentifier>{ae9d0a15-57ae-4f01-87a4-81f790249b83}</UniqueIdentifier>
    </Filter>
    <Filter Include="parse">
      <UniqueIdentifier>{5df016bb-591b-420a-a535-4330d9187fbf}</UniqueIdentifier>
    </Filter>
    <Filter Include="generate">
      <UniqueIdentifier>{b5c626af-afa5-433c-8e10-ee734533cb68}</UniqueIdentifier>
    </Filter>
  </ItemGroup>
  <ItemGroup>
    <ClCompile Include="src\thrift\audit\t_audit.cpp" />
    <ClCompile Include="src\thrift\common.cc" />
    <ClCompile Include="src\thrift\generate\t_c_glib_generator.cc" />
    <ClCompile Include="src\thrift\generate\t_cl_generator.cc" />
    <ClCompile Include="src\thrift\generate\t_cpp_generator.cc" />
    <ClCompile Include="src\thrift\generate\t_d_generator.cc" />
    <ClCompile Include="src\thrift\generate\t_dart_generator.cc" />
    <ClCompile Include="src\thrift\generate\t_delphi_generator.cc" />
    <ClCompile Include="src\thrift\generate\t_erl_generator.cc" />
    <ClCompile Include="src\thrift\generate\t_generator.cc" />
    <ClCompile Include="src\thrift\generate\t_go_generator.cc" />
    <ClCompile Include="src\thrift\generate\t_gv_generator.cc" />
    <ClCompile Include="src\thrift\generate\t_haxe_generator.cc" />
    <ClCompile Include="src\thrift\generate\t_html_generator.cc" />
    <ClCompile Include="src\thrift\generate\t_markdown_generator.cc" />
    <ClCompile Include="src\thrift\generate\t_java_generator.cc" />
    <ClCompile Include="src\thrift\generate\t_javame_generator.cc" />
    <ClCompile Include="src\thrift\generate\t_js_generator.cc" />
    <ClCompile Include="src\thrift\generate\t_json_generator.cc" />
    <ClCompile Include="src\thrift\generate\t_kotlin_generator.cc" />
    <ClCompile Include="src\thrift\generate\t_lua_generator.cc" />
    <ClCompile Include="src\thrift\generate\t_netstd_generator.cc" />
    <ClCompile Include="src\thrift\generate\t_ocaml_generator.cc" />
    <ClCompile Include="src\thrift\generate\t_perl_generator.cc" />
    <ClCompile Include="src\thrift\generate\t_php_generator.cc" />
    <ClCompile Include="src\thrift\generate\t_py_generator.cc" />
    <ClCompile Include="src\thrift\generate\t_rb_generator.cc" />
    <ClCompile Include="src\thrift\generate\t_rs_generator.cc" />
    <ClCompile Include="src\thrift\generate\t_st_generator.cc" />
    <ClCompile Include="src\thrift\generate\t_swift_generator.cc" />
    <ClCompile Include="src\thrift\generate\t_xml_generator.cc" />
    <ClCompile Include="src\thrift\generate\t_xsd_generator.cc" />
    <ClCompile Include="src\thrift\main.cc" />
    <ClCompile Include="src\thrift\parse\parse.cc" />
    <ClCompile Include="src\thrift\parse\t_typedef.cc" />
    <ClCompile Include="src\thrift\thriftl.cc" />
    <ClCompile Include="src\thrift\thrifty.cc" />
    <ClCompile Include="src\thrift\generate\go_validator_generator.cc" />
    <ClCompile Include="src\thrift\generate\validator_parser.cc" />
  </ItemGroup>
  <ItemGroup>
    <None Include="src\thrift\thriftl.ll" />
    <None Include="src\thrift\thrifty.yy" />
  </ItemGroup>
</Project>