
Microsoft Visual Studio Solution File, Format Version 12.00
# Visual Studio Version 16
VisualStudioVersion = 16.0.30104.148
MinimumVisualStudioVersion = 10.0.40219.1
Project("{9A19103F-16F7-4668-BE54-9A1E7A4F7556}") = "Thrift", "..\..\lib\netstd\Thrift\Thrift.csproj", "{C20EA2A9-7660-47DE-9A49-D1EF12FB2895}"
EndProject
Project("{9A19103F-16F7-4668-BE54-9A1E7A4F7556}") = "Client", "Client\Client.csproj", "{21039F25-6ED7-4E80-A545-EBC93472EBD1}"
EndProject
Project("{9A19103F-16F7-4668-BE54-9A1E7A4F7556}") = "Server", "Server\Server.csproj", "{0C6E8685-F191-4479-9842-882A38961127}"
EndProject
Project("{9A19103F-16F7-4668-BE54-9A1E7A4F7556}") = "Thrift.IntegrationTests", "..\..\lib\netstd\Tests\Thrift.IntegrationTests\Thrift.IntegrationTests.csproj", "{C8148BFF-B943-4474-8D33-A641C6FD3DAB}"
EndProject
Project("{9A19103F-16F7-4668-BE54-9A1E7A4F7556}") = "Thrift.PublicInterfaces.Compile.Tests", "..\..\lib\netstd\Tests\Thrift.PublicInterfaces.Compile.Tests\Thrift.PublicInterfaces.Compile.Tests.csproj", "{5D86C1B6-0CDA-4D1D-80A5-240583B21148}"
EndProject
Project("{9A19103F-16F7-4668-BE54-9A1E7A4F7556}") = "Thrift.Tests", "..\..\lib\netstd\Tests\Thrift.Tests\Thrift.Tests.csproj", "{37FDED71-F8FB-434B-B2A8-1C53CCD9FD38}"
EndProject
Project("{9A19103F-16F7-4668-BE54-9A1E7A4F7556}") = "Thrift.Benchmarks", "..\..\lib\netstd\Benchmarks\Thrift.Benchmarks\Thrift.Benchmarks.csproj", "{66946544-8DE7-45E9-8D0E-93EADA028D44}"
EndProject
Global
	GlobalSection(SolutionConfigurationPlatforms) = preSolution
		Debug|Any CPU = Debug|Any CPU
		Debug|x64 = Debug|x64
		Debug|x86 = Debug|x86
		Release|Any CPU = Release|Any CPU
		Release|x64 = Release|x64
		Release|x86 = Release|x86
	EndGlobalSection
	GlobalSection(ProjectConfigurationPlatforms) = postSolution
		{C20EA2A9-7660-47DE-9A49-D1EF12FB2895}.Debug|Any CPU.ActiveCfg = Debug|Any CPU
		{C20EA2A9-7660-47DE-9A49-D1EF12FB2895}.Debug|Any CPU.Build.0 = Debug|Any CPU
		{C20EA2A9-7660-47DE-9A49-D1EF12FB2895}.Debug|x64.ActiveCfg = Debug|Any CPU
		{C20EA2A9-7660-47DE-9A49-D1EF12FB2895}.Debug|x64.Build.0 = Debug|Any CPU
		{C20EA2A9-7660-47DE-9A49-D1EF12FB2895}.Debug|x86.ActiveCfg = Debug|Any CPU
		{C20EA2A9-7660-47DE-9A49-D1EF12FB2895}.Debug|x86.Build.0 = Debug|Any CPU
		{C20EA2A9-7660-47DE-9A49-D1EF12FB2895}.Release|Any CPU.ActiveCfg = Release|Any CPU
		{C20EA2A9-7660-47DE-9A49-D1EF12FB2895}.Release|Any CPU.Build.0 = Release|Any CPU
		{C20EA2A9-7660-47DE-9A49-D1EF12FB2895}.Release|x64.ActiveCfg = Release|Any CPU
		{C20EA2A9-7660-47DE-9A49-D1EF12FB2895}.Release|x64.Build.0 = Release|Any CPU
		{C20EA2A9-7660-47DE-9A49-D1EF12FB2895}.Release|x86.ActiveCfg = Release|Any CPU
		{C20EA2A9-7660-47DE-9A49-D1EF12FB2895}.Release|x86.Build.0 = Release|Any CPU
		{21039F25-6ED7-4E80-A545-EBC93472EBD1}.Debug|Any CPU.ActiveCfg = Debug|Any CPU
		{21039F25-6ED7-4E80-A545-EBC93472EBD1}.Debug|Any CPU.Build.0 = Debug|Any CPU
		{21039F25-6ED7-4E80-A545-EBC93472EBD1}.Debug|x64.ActiveCfg = Debug|Any CPU
		{21039F25-6ED7-4E80-A545-EBC93472EBD1}.Debug|x64.Build.0 = Debug|Any CPU
		{21039F25-6ED7-4E80-A545-EBC93472EBD1}.Debug|x86.ActiveCfg = Debug|Any CPU
		{21039F25-6ED7-4E80-A545-EBC93472EBD1}.Debug|x86.Build.0 = Debug|Any CPU
		{21039F25-6ED7-4E80-A545-EBC93472EBD1}.Release|Any CPU.ActiveCfg = Release|Any CPU
		{21039F25-6ED7-4E80-A545-EBC93472EBD1}.Release|Any CPU.Build.0 = Release|Any CPU
		{21039F25-6ED7-4E80-A545-EBC93472EBD1}.Release|x64.ActiveCfg = Release|Any CPU
		{21039F25-6ED7-4E80-A545-EBC93472EBD1}.Release|x64.Build.0 = Release|Any CPU
		{21039F25-6ED7-4E80-A545-EBC93472EBD1}.Release|x86.ActiveCfg = Release|Any CPU
		{21039F25-6ED7-4E80-A545-EBC93472EBD1}.Release|x86.Build.0 = Release|Any CPU
		{0C6E8685-F191-4479-9842-882A38961127}.Debug|Any CPU.ActiveCfg = Debug|Any CPU
		{0C6E8685-F191-4479-9842-882A38961127}.Debug|Any CPU.Build.0 = Debug|Any CPU
		{0C6E8685-F191-4479-9842-882A38961127}.Debug|x64.ActiveCfg = Debug|Any CPU
		{0C6E8685-F191-4479-9842-882A38961127}.Debug|x64.Build.0 = Debug|Any CPU
		{0C6E8685-F191-4479-9842-882A38961127}.Debug|x86.ActiveCfg = Debug|Any CPU
		{0C6E8685-F191-4479-9842-882A38961127}.Debug|x86.Build.0 = Debug|Any CPU
		{0C6E8685-F191-4479-9842-882A38961127}.Release|Any CPU.ActiveCfg = Release|Any CPU
		{0C6E8685-F191-4479-9842-882A38961127}.Release|Any CPU.Build.0 = Release|Any CPU
		{0C6E8685-F191-4479-9842-882A38961127}.Release|x64.ActiveCfg = Release|Any CPU
		{0C6E8685-F191-4479-9842-882A38961127}.Release|x64.Build.0 = Release|Any CPU
		{0C6E8685-F191-4479-9842-882A38961127}.Release|x86.ActiveCfg = Release|Any CPU
		{0C6E8685-F191-4479-9842-882A38961127}.Release|x86.Build.0 = Release|Any CPU
		{C8148BFF-B943-4474-8D33-A641C6FD3DAB}.Debug|Any CPU.ActiveCfg = Debug|Any CPU
		{C8148BFF-B943-4474-8D33-A641C6FD3DAB}.Debug|Any CPU.Build.0 = Debug|Any CPU
		{C8148BFF-B943-4474-8D33-A641C6FD3DAB}.Debug|x64.ActiveCfg = Debug|Any CPU
		{C8148BFF-B943-4474-8D33-A641C6FD3DAB}.Debug|x64.Build.0 = Debug|Any CPU
		{C8148BFF-B943-4474-8D33-A641C6FD3DAB}.Debug|x86.ActiveCfg = Debug|Any CPU
		{C8148BFF-B943-4474-8D33-A641C6FD3DAB}.Debug|x86.Build.0 = Debug|Any CPU
		{C8148BFF-B943-4474-8D33-A641C6FD3DAB}.Release|Any CPU.ActiveCfg = Release|Any CPU
		{C8148BFF-B943-4474-8D33-A641C6FD3DAB}.Release|Any CPU.Build.0 = Release|Any CPU
		{C8148BFF-B943-4474-8D33-A641C6FD3DAB}.Release|x64.ActiveCfg = Release|Any CPU
		{C8148BFF-B943-4474-8D33-A641C6FD3DAB}.Release|x64.Build.0 = Release|Any CPU
		{C8148BFF-B943-4474-8D33-A641C6FD3DAB}.Release|x86.ActiveCfg = Release|Any CPU
		{C8148BFF-B943-4474-8D33-A641C6FD3DAB}.Release|x86.Build.0 = Release|Any CPU
		{5D86C1B6-0CDA-4D1D-80A5-240583B21148}.Debug|Any CPU.ActiveCfg = Debug|Any CPU
		{5D86C1B6-0CDA-4D1D-80A5-240583B21148}.Debug|Any CPU.Build.0 = Debug|Any CPU
		{5D86C1B6-0CDA-4D1D-80A5-240583B21148}.Debug|x64.ActiveCfg = Debug|Any CPU
		{5D86C1B6-0CDA-4D1D-80A5-240583B21148}.Debug|x64.Build.0 = Debug|Any CPU
		{5D86C1B6-0CDA-4D1D-80A5-240583B21148}.Debug|x86.ActiveCfg = Debug|Any CPU
		{5D86C1B6-0CDA-4D1D-80A5-240583B21148}.Debug|x86.Build.0 = Debug|Any CPU
		{5D86C1B6-0CDA-4D1D-80A5-240583B21148}.Release|Any CPU.ActiveCfg = Release|Any CPU
		{5D86C1B6-0CDA-4D1D-80A5-240583B21148}.Release|Any CPU.Build.0 = Release|Any CPU
		{5D86C1B6-0CDA-4D1D-80A5-240583B21148}.Release|x64.ActiveCfg = Release|Any CPU
		{5D86C1B6-0CDA-4D1D-80A5-240583B21148}.Release|x64.Build.0 = Release|Any CPU
		{5D86C1B6-0CDA-4D1D-80A5-240583B21148}.Release|x86.ActiveCfg = Release|Any CPU
		{5D86C1B6-0CDA-4D1D-80A5-240583B21148}.Release|x86.Build.0 = Release|Any CPU
		{37FDED71-F8FB-434B-B2A8-1C53CCD9FD38}.Debug|Any CPU.ActiveCfg = Debug|Any CPU
		{37FDED71-F8FB-434B-B2A8-1C53CCD9FD38}.Debug|Any CPU.Build.0 = Debug|Any CPU
		{37FDED71-F8FB-434B-B2A8-1C53CCD9FD38}.Debug|x64.ActiveCfg = Debug|Any CPU
		{37FDED71-F8FB-434B-B2A8-1C53CCD9FD38}.Debug|x64.Build.0 = Debug|Any CPU
		{37FDED71-F8FB-434B-B2A8-1C53CCD9FD38}.Debug|x86.ActiveCfg = Debug|Any CPU
		{37FDED71-F8FB-434B-B2A8-1C53CCD9FD38}.Debug|x86.Build.0 = Debug|Any CPU
		{37FDED71-F8FB-434B-B2A8-1C53CCD9FD38}.Release|Any CPU.ActiveCfg = Release|Any CPU
		{37FDED71-F8FB-434B-B2A8-1C53CCD9FD38}.Release|Any CPU.Build.0 = Release|Any CPU
		{37FDED71-F8FB-434B-B2A8-1C53CCD9FD38}.Release|x64.ActiveCfg = Release|Any CPU
		{37FDED71-F8FB-434B-B2A8-1C53CCD9FD38}.Release|x64.Build.0 = Release|Any CPU
		{37FDED71-F8FB-434B-B2A8-1C53CCD9FD38}.Release|x86.ActiveCfg = Release|Any CPU
		{37FDED71-F8FB-434B-B2A8-1C53CCD9FD38}.Release|x86.Build.0 = Release|Any CPU
		{66946544-8DE7-45E9-8D0E-93EADA028D44}.Debug|Any CPU.ActiveCfg = Debug|Any CPU
		{66946544-8DE7-45E9-8D0E-93EADA028D44}.Debug|Any CPU.Build.0 = Debug|Any CPU
		{66946544-8DE7-45E9-8D0E-93EADA028D44}.Debug|x64.ActiveCfg = Debug|Any CPU
		{66946544-8DE7-45E9-8D0E-93EADA028D44}.Debug|x64.Build.0 = Debug|Any CPU
		{66946544-8DE7-45E9-8D0E-93EADA028D44}.Debug|x86.ActiveCfg = Debug|Any CPU
		{66946544-8DE7-45E9-8D0E-93EADA028D44}.Debug|x86.Build.0 = Debug|Any CPU
		{66946544-8DE7-45E9-8D0E-93EADA028D44}.Release|Any CPU.ActiveCfg = Release|Any CPU
		{66946544-8DE7-45E9-8D0E-93EADA028D44}.Release|Any CPU.Build.0 = Release|Any CPU
		{66946544-8DE7-45E9-8D0E-93EADA028D44}.Release|x64.ActiveCfg = Release|Any CPU
		{66946544-8DE7-45E9-8D0E-93EADA028D44}.Release|x64.Build.0 = Release|Any CPU
		{66946544-8DE7-45E9-8D0E-93EADA028D44}.Release|x86.ActiveCfg = Release|Any CPU
		{66946544-8DE7-45E9-8D0E-93EADA028D44}.Release|x86.Build.0 = Release|Any CPU
	EndGlobalSection
	GlobalSection(SolutionProperties) = preSolution
		HideSolutionNode = FALSE
	EndGlobalSection
	GlobalSection(ExtensibilityGlobals) = postSolution
		SolutionGuid = {52CE9A12-F6CB-4F0C-BB42-0105612F5FF4}
	EndGlobalSection
EndGlobal
