
Microsoft Visual Studio Solution File, Format Version 10.00
# Visual Studio 2008
Project("{FAE04EC0-301F-11D3-BF4B-00C04F79EFBC}") = "Thrift", "Thrift.csproj", "{499EB63C-D74C-47E8-AE48-A2FC94538E9D}"
EndProject
Project("{FAE04EC0-301F-11D3-BF4B-00C04F79EFBC}") = "ThriftTest", "..\..\..\test\csharp\ThriftTest\ThriftTest.csproj", "{48DD757F-CA95-4DD7-BDA4-58DB6F108C2C}"
	ProjectSection(ProjectDependencies) = postProject
		{499EB63C-D74C-47E8-AE48-A2FC94538E9D} = {499EB63C-D74C-47E8-AE48-A2FC94538E9D}
	EndProjectSection
EndProject
Project("{FAE04EC0-301F-11D3-BF4B-00C04F79EFBC}") = "ThriftMSBuildTask", "..\ThriftMSBuildTask\ThriftMSBuildTask.csproj", "{EC0A0231-66EA-4593-A792-C6CA3BB8668E}"
EndProject
Global
	GlobalSection(SolutionConfigurationPlatforms) = preSolution
		Debug|Any CPU = Debug|Any CPU
		Release|Any CPU = Release|Any CPU
	EndGlobalSection
	GlobalSection(ProjectConfigurationPlatforms) = postSolution
		{499EB63C-D74C-47E8-AE48-A2FC94538E9D}.Debug|Any CPU.ActiveCfg = Debug|Any CPU
		{499EB63C-D74C-47E8-AE48-A2FC94538E9D}.Debug|Any CPU.Build.0 = Debug|Any CPU
		{499EB63C-D74C-47E8-AE48-A2FC94538E9D}.Release|Any CPU.ActiveCfg = Release|Any CPU
		{499EB63C-D74C-47E8-AE48-A2FC94538E9D}.Release|Any CPU.Build.0 = Release|Any CPU
		{48DD757F-CA95-4DD7-BDA4-58DB6F108C2C}.Debug|Any CPU.ActiveCfg = Debug|Any CPU
		{48DD757F-CA95-4DD7-BDA4-58DB6F108C2C}.Debug|Any CPU.Build.0 = Debug|Any CPU
		{48DD757F-CA95-4DD7-BDA4-58DB6F108C2C}.Release|Any CPU.ActiveCfg = Release|Any CPU
		{48DD757F-CA95-4DD7-BDA4-58DB6F108C2C}.Release|Any CPU.Build.0 = Release|Any CPU
		{EC0A0231-66EA-4593-A792-C6CA3BB8668E}.Debug|Any CPU.ActiveCfg = Debug|Any CPU
		{EC0A0231-66EA-4593-A792-C6CA3BB8668E}.Debug|Any CPU.Build.0 = Debug|Any CPU
		{EC0A0231-66EA-4593-A792-C6CA3BB8668E}.Release|Any CPU.ActiveCfg = Release|Any CPU
		{EC0A0231-66EA-4593-A792-C6CA3BB8668E}.Release|Any CPU.Build.0 = Release|Any CPU
	EndGlobalSection
	GlobalSection(SolutionProperties) = preSolution
		HideSolutionNode = FALSE
	EndGlobalSection
EndGlobal
